
Microsoft Visual Studio Solution File, Format Version 12.00
# Visual Studio Version 16
VisualStudioVersion = 16.0.31229.75
MinimumVisualStudioVersion = 10.0.40219.1
Project("{2150E333-8FDC-42A3-9474-1A3956D46DE8}") = "Libs", "Libs", "{E0FA9AA4-AD74-4D03-8A0D-44F599CD0932}"
EndProject
Project("{2150E333-8FDC-42A3-9474-1A3956D46DE8}") = "Examples", "Examples", "{FEADDEA7-A7BB-4838-A554-3479C956A006}"
EndProject
Project("{2150E333-8FDC-42A3-9474-1A3956D46DE8}") = "Specifications", "Specifications", "{1D606E41-733F-4470-93B9-5453181138DD}"
EndProject
Project("{2150E333-8FDC-42A3-9474-1A3956D46DE8}") = "Server", "Server", "{F1414888-7065-4D28-A390-EDA304836907}"
EndProject
Project("{9A19103F-16F7-4668-BE54-9A1E7A4F7556}") = "NetStreams.Commerce.Example", "Examples\NetStreams.Commerce.Example\NetStreams.Commerce.Example.csproj", "{699BEFBF-DA7E-4C25-86E2-1D9CA5AFE6ED}"
EndProject
Project("{9A19103F-16F7-4668-BE54-9A1E7A4F7556}") = "NetStreams.Extensions.ControlCenter", "Libs\NetStreams.Extensions.ControlCenter\NetStreams.Extensions.ControlCenter.csproj", "{0E6E2631-1D01-4F8C-A36C-1784A6ED6ACB}"
EndProject
Project("{9A19103F-16F7-4668-BE54-9A1E7A4F7556}") = "NetStreams.ControlCenter.TelemetryProcessor", "Server\NetStreams.ControlCenter.TelemetryProcessor\NetStreams.ControlCenter.TelemetryProcessor.csproj", "{778933EF-9975-4505-82B4-E3B59176750B}"
EndProject
Project("{9A19103F-16F7-4668-BE54-9A1E7A4F7556}") = "NetStreams.ControlCenter.Specs", "Specifications\NetStreams.ControlCenter.Specs\NetStreams.ControlCenter.Specs.csproj", "{B3591131-7315-4E23-9B83-4EB12BA8E315}"
EndProject
Global
	GlobalSection(SolutionConfigurationPlatforms) = preSolution
		Debug|Any CPU = Debug|Any CPU
		Release|Any CPU = Release|Any CPU
	EndGlobalSection
	GlobalSection(ProjectConfigurationPlatforms) = postSolution
		{699BEFBF-DA7E-4C25-86E2-1D9CA5AFE6ED}.Debug|Any CPU.ActiveCfg = Debug|Any CPU
		{699BEFBF-DA7E-4C25-86E2-1D9CA5AFE6ED}.Debug|Any CPU.Build.0 = Debug|Any CPU
		{699BEFBF-DA7E-4C25-86E2-1D9CA5AFE6ED}.Release|Any CPU.ActiveCfg = Release|Any CPU
		{699BEFBF-DA7E-4C25-86E2-1D9CA5AFE6ED}.Release|Any CPU.Build.0 = Release|Any CPU
		{0E6E2631-1D01-4F8C-A36C-1784A6ED6ACB}.Debug|Any CPU.ActiveCfg = Debug|Any CPU
		{0E6E2631-1D01-4F8C-A36C-1784A6ED6ACB}.Debug|Any CPU.Build.0 = Debug|Any CPU
		{0E6E2631-1D01-4F8C-A36C-1784A6ED6ACB}.Release|Any CPU.ActiveCfg = Release|Any CPU
		{0E6E2631-1D01-4F8C-A36C-1784A6ED6ACB}.Release|Any CPU.Build.0 = Release|Any CPU
		{778933EF-9975-4505-82B4-E3B59176750B}.Debug|Any CPU.ActiveCfg = Debug|Any CPU
		{778933EF-9975-4505-82B4-E3B59176750B}.Debug|Any CPU.Build.0 = Debug|Any CPU
		{778933EF-9975-4505-82B4-E3B59176750B}.Release|Any CPU.ActiveCfg = Release|Any CPU
		{778933EF-9975-4505-82B4-E3B59176750B}.Release|Any CPU.Build.0 = Release|Any CPU
		{B3591131-7315-4E23-9B83-4EB12BA8E315}.Debug|Any CPU.ActiveCfg = Debug|Any CPU
		{B3591131-7315-4E23-9B83-4EB12BA8E315}.Debug|Any CPU.Build.0 = Debug|Any CPU
		{B3591131-7315-4E23-9B83-4EB12BA8E315}.Release|Any CPU.ActiveCfg = Release|Any CPU
		{B3591131-7315-4E23-9B83-4EB12BA8E315}.Release|Any CPU.Build.0 = Release|Any CPU
	EndGlobalSection
	GlobalSection(SolutionProperties) = preSolution
		HideSolutionNode = FALSE
	EndGlobalSection
	GlobalSection(NestedProjects) = preSolution
		{699BEFBF-DA7E-4C25-86E2-1D9CA5AFE6ED} = {FEADDEA7-A7BB-4838-A554-3479C956A006}
		{0E6E2631-1D01-4F8C-A36C-1784A6ED6ACB} = {E0FA9AA4-AD74-4D03-8A0D-44F599CD0932}
		{778933EF-9975-4505-82B4-E3B59176750B} = {F1414888-7065-4D28-A390-EDA304836907}
		{B3591131-7315-4E23-9B83-4EB12BA8E315} = {1D606E41-733F-4470-93B9-5453181138DD}
	EndGlobalSection
	GlobalSection(ExtensibilityGlobals) = postSolution
		SolutionGuid = {FB2A23ED-6F6A-47D3-8006-84D4F48C2C61}
	EndGlobalSection
EndGlobal
