
Microsoft Visual Studio Solution File, Format Version 12.00
# Visual Studio Version 16
VisualStudioVersion = 16.0.31229.75
MinimumVisualStudioVersion = 10.0.40219.1
Project("{2150E333-8FDC-42A3-9474-1A3956D46DE8}") = "Libs", "Libs", "{E0FA9AA4-AD74-4D03-8A0D-44F599CD0932}"
EndProject
Project("{2150E333-8FDC-42A3-9474-1A3956D46DE8}") = "Examples", "Examples", "{FEADDEA7-A7BB-4838-A554-3479C956A006}"
EndProject
Project("{2150E333-8FDC-42A3-9474-1A3956D46DE8}") = "Specifications", "Specifications", "{1D606E41-733F-4470-93B9-5453181138DD}"
EndProject
Project("{9A19103F-16F7-4668-BE54-9A1E7A4F7556}") = "NetStreams.ControlCenter.Specs", "NetStreams.ControlCenter.Specs\NetStreams.ControlCenter.Specs.csproj", "{F81F7805-6252-44F6-BD98-9664C0A81FE6}"
EndProject
Project("{9A19103F-16F7-4668-BE54-9A1E7A4F7556}") = "NetStreams.Commerce.Example", "NetStreams.Commerce.Example\NetStreams.Commerce.Example.csproj", "{5B122477-E8AC-4B3A-8102-C354E9F5DD2E}"
EndProject
Project("{2150E333-8FDC-42A3-9474-1A3956D46DE8}") = "Server", "Server", "{F1414888-7065-4D28-A390-EDA304836907}"
EndProject
Project("{FAE04EC0-301F-11D3-BF4B-00C04F79EFBC}") = "NetStreams.ControlCenter.TelemetryProcessor", "NetStreams.ControlCenter\NetStreams.ControlCenter.TelemetryProcessor.csproj", "{F40D5EC2-AE6F-44CE-BB71-8F82163A5CC0}"
EndProject
Project("{FAE04EC0-301F-11D3-BF4B-00C04F79EFBC}") = "NetStreams.Extensions.ControlCenter", "NetStreams.Extensions.ControlCenter\NetStreams.Extensions.ControlCenter.csproj", "{A3672293-3076-46B6-9C80-C335A1B0A0E6}"
EndProject
Global
	GlobalSection(SolutionConfigurationPlatforms) = preSolution
		Debug|Any CPU = Debug|Any CPU
		Release|Any CPU = Release|Any CPU
	EndGlobalSection
	GlobalSection(ProjectConfigurationPlatforms) = postSolution
		{F81F7805-6252-44F6-BD98-9664C0A81FE6}.Debug|Any CPU.ActiveCfg = Debug|Any CPU
		{F81F7805-6252-44F6-BD98-9664C0A81FE6}.Debug|Any CPU.Build.0 = Debug|Any CPU
		{F81F7805-6252-44F6-BD98-9664C0A81FE6}.Release|Any CPU.ActiveCfg = Release|Any CPU
		{F81F7805-6252-44F6-BD98-9664C0A81FE6}.Release|Any CPU.Build.0 = Release|Any CPU
		{5B122477-E8AC-4B3A-8102-C354E9F5DD2E}.Debug|Any CPU.ActiveCfg = Debug|Any CPU
		{5B122477-E8AC-4B3A-8102-C354E9F5DD2E}.Debug|Any CPU.Build.0 = Debug|Any CPU
		{5B122477-E8AC-4B3A-8102-C354E9F5DD2E}.Release|Any CPU.ActiveCfg = Release|Any CPU
		{5B122477-E8AC-4B3A-8102-C354E9F5DD2E}.Release|Any CPU.Build.0 = Release|Any CPU
		{F40D5EC2-AE6F-44CE-BB71-8F82163A5CC0}.Debug|Any CPU.ActiveCfg = Debug|Any CPU
		{F40D5EC2-AE6F-44CE-BB71-8F82163A5CC0}.Debug|Any CPU.Build.0 = Debug|Any CPU
		{F40D5EC2-AE6F-44CE-BB71-8F82163A5CC0}.Release|Any CPU.ActiveCfg = Release|Any CPU
		{F40D5EC2-AE6F-44CE-BB71-8F82163A5CC0}.Release|Any CPU.Build.0 = Release|Any CPU
		{A3672293-3076-46B6-9C80-C335A1B0A0E6}.Debug|Any CPU.ActiveCfg = Debug|Any CPU
		{A3672293-3076-46B6-9C80-C335A1B0A0E6}.Debug|Any CPU.Build.0 = Debug|Any CPU
		{A3672293-3076-46B6-9C80-C335A1B0A0E6}.Release|Any CPU.ActiveCfg = Release|Any CPU
		{A3672293-3076-46B6-9C80-C335A1B0A0E6}.Release|Any CPU.Build.0 = Release|Any CPU
	EndGlobalSection
	GlobalSection(SolutionProperties) = preSolution
		HideSolutionNode = FALSE
	EndGlobalSection
	GlobalSection(NestedProjects) = preSolution
		{F81F7805-6252-44F6-BD98-9664C0A81FE6} = {1D606E41-733F-4470-93B9-5453181138DD}
		{5B122477-E8AC-4B3A-8102-C354E9F5DD2E} = {FEADDEA7-A7BB-4838-A554-3479C956A006}
		{F40D5EC2-AE6F-44CE-BB71-8F82163A5CC0} = {F1414888-7065-4D28-A390-EDA304836907}
		{A3672293-3076-46B6-9C80-C335A1B0A0E6} = {E0FA9AA4-AD74-4D03-8A0D-44F599CD0932}
	EndGlobalSection
	GlobalSection(ExtensibilityGlobals) = postSolution
		SolutionGuid = {FB2A23ED-6F6A-47D3-8006-84D4F48C2C61}
	EndGlobalSection
EndGlobal
